
Microsoft Visual Studio Solution File, Format Version 12.00
# Visual Studio Version 17
VisualStudioVersion = 17.0.31912.275
MinimumVisualStudioVersion = 10.0.40219.1
Project("{FAE04EC0-301F-11D3-BF4B-00C04F79EFBC}") = "GannyBot", "GannyBot\GannyBot.csproj", "{D4F1FEE5-CA25-4C05-BDDB-21864A01056B}"
EndProject
Project("{54435603-DBB4-11D2-8724-00A0C9A8B90C}") = "Setup", "Setup\Setup.vdproj", "{3D02257A-D39C-4E2F-AF1D-5441A6CD4AF5}"
EndProject
Global
	GlobalSection(SolutionConfigurationPlatforms) = preSolution
		Debug|Any CPU = Debug|Any CPU
		Release|Any CPU = Release|Any CPU
	EndGlobalSection
	GlobalSection(ProjectConfigurationPlatforms) = postSolution
		{D4F1FEE5-CA25-4C05-BDDB-21864A01056B}.Debug|Any CPU.ActiveCfg = Debug|Any CPU
		{D4F1FEE5-CA25-4C05-BDDB-21864A01056B}.Debug|Any CPU.Build.0 = Debug|Any CPU
		{D4F1FEE5-CA25-4C05-BDDB-21864A01056B}.Release|Any CPU.ActiveCfg = Release|Any CPU
		{D4F1FEE5-CA25-4C05-BDDB-21864A01056B}.Release|Any CPU.Build.0 = Release|Any CPU
		{3D02257A-D39C-4E2F-AF1D-5441A6CD4AF5}.Debug|Any CPU.ActiveCfg = Release
		{3D02257A-D39C-4E2F-AF1D-5441A6CD4AF5}.Release|Any CPU.ActiveCfg = Release
	EndGlobalSection
	GlobalSection(SolutionProperties) = preSolution
		HideSolutionNode = FALSE
	EndGlobalSection
	GlobalSection(ExtensibilityGlobals) = postSolution
		SolutionGuid = {7E7E52FF-2FB1-424A-936C-528135CD7186}
	EndGlobalSection
EndGlobal
